# pnpm-lock.yaml update to include bcryptjs, jsonwebtoken, and pdf-lib

# Update for bcryptjs
bcryptjs:
  version: "^5.0.1"
  resolution:
    integrity: sha512-Pe4SU4RPLq+5kW0PWSIflv2z4XE9U/a777cQ2Ej0xL1eUju8H7D76gclovhvTggxEjPvL4PVtNExnvLvOvA8CA==

# Update for jsonwebtoken
jsonwebtoken:
  version: "^8.5.1"
  resolution:
    integrity: sha512-FD/3hVtg3Z5EN9gOeiF3s2HVhPo+pH36sLQai7kcJTd9W9hakovc/pD5PEGp82LT4UFhwWnWySgqNus+D9f0vg==

# Update for pdf-lib
pdf-lib:
  version: "^1.16.0"
  resolution:
    integrity: sha512-b+u/zArei5k7YC61gMoFoe7q8qeZq5yhoV37n5wfW/q0gMdXDO5fmjbC2ViLf6U+38Pv46CpQCX0nuUP5LBkrA==
